// !$*UTF8*$!
{
	archiveVersion = 1;
	classes = {
	};
	objectVersion = 46;
	objects = {

/* Begin PBXBuildFile section */
		E73A970E1C47501900A6287D /* main.m in Sources */ = {isa = PBXBuildFile; fileRef = E73A970D1C47501900A6287D /* main.m */; };
		E73A97111C47501900A6287D /* AppDelegate.m in Sources */ = {isa = PBXBuildFile; fileRef = E73A97101C47501900A6287D /* AppDelegate.m */; };
		E73A97141C47501900A6287D /* ViewController.m in Sources */ = {isa = PBXBuildFile; fileRef = E73A97131C47501900A6287D /* ViewController.m */; };
		E73A97171C47501900A6287D /* Main.storyboard in Resources */ = {isa = PBXBuildFile; fileRef = E73A97151C47501900A6287D /* Main.storyboard */; };
		E73A97191C47501900A6287D /* Assets.xcassets in Resources */ = {isa = PBXBuildFile; fileRef = E73A97181C47501900A6287D /* Assets.xcassets */; };
		E73A971C1C47501900A6287D /* LaunchScreen.storyboard in Resources */ = {isa = PBXBuildFile; fileRef = E73A971A1C47501900A6287D /* LaunchScreen.storyboard */; };
		E753645A1C47D5B90020D45C /* HTTPFLVPlayerController.m in Sources */ = {isa = PBXBuildFile; fileRef = E75364591C47D5B90020D45C /* HTTPFLVPlayerController.m */; };
		E753645D1C47DAB40020D45C /* HTTPStream.m in Sources */ = {isa = PBXBuildFile; fileRef = E753645C1C47DAB40020D45C /* HTTPStream.m */; };
/* End PBXBuildFile section */

/* Begin PBXFileReference section */
		E73A97091C47501900A6287D /* httpFLVPlayer.app */ = {isa = PBXFileReference; explicitFileType = wrapper.application; includeInIndex = 0; path = httpFLVPlayer.app; sourceTree = BUILT_PRODUCTS_DIR; };
		E73A970D1C47501900A6287D /* main.m */ = {isa = PBXFileReference; lastKnownFileType = sourcecode.c.objc; path = main.m; sourceTree = "<group>"; };
		E73A970F1C47501900A6287D /* AppDelegate.h */ = {isa = PBXFileReference; lastKnownFileType = sourcecode.c.h; path = AppDelegate.h; sourceTree = "<group>"; };
		E73A97101C47501900A6287D /* AppDelegate.m */ = {isa = PBXFileReference; lastKnownFileType = sourcecode.c.objc; path = AppDelegate.m; sourceTree = "<group>"; };
		E73A97121C47501900A6287D /* ViewController.h */ = {isa = PBXFileReference; lastKnownFileType = sourcecode.c.h; path = ViewController.h; sourceTree = "<group>"; };
		E73A97131C47501900A6287D /* ViewController.m */ = {isa = PBXFileReference; lastKnownFileType = sourcecode.c.objc; path = ViewController.m; sourceTree = "<group>"; };
		E73A97161C47501900A6287D /* Base */ = {isa = PBXFileReference; lastKnownFileType = file.storyboard; name = Base; path = Base.lproj/Main.storyboard; sourceTree = "<group>"; };
		E73A97181C47501900A6287D /* Assets.xcassets */ = {isa = PBXFileReference; lastKnownFileType = folder.assetcatalog; path = Assets.xcassets; sourceTree = "<group>"; };
		E73A971B1C47501900A6287D /* Base */ = {isa = PBXFileReference; lastKnownFileType = file.storyboard; name = Base; path = Base.lproj/LaunchScreen.storyboard; sourceTree = "<group>"; };
		E73A971D1C47501900A6287D /* Info.plist */ = {isa = PBXFileReference; lastKnownFileType = text.plist.xml; path = Info.plist; sourceTree = "<group>"; };
		E75364581C47D5B90020D45C /* HTTPFLVPlayerController.h */ = {isa = PBXFileReference; fileEncoding = 4; lastKnownFileType = sourcecode.c.h; path = HTTPFLVPlayerController.h; sourceTree = "<group>"; };
		E75364591C47D5B90020D45C /* HTTPFLVPlayerController.m */ = {isa = PBXFileReference; fileEncoding = 4; lastKnownFileType = sourcecode.c.objc; path = HTTPFLVPlayerController.m; sourceTree = "<group>"; };
		E753645B1C47DAB40020D45C /* HTTPStream.h */ = {isa = PBXFileReference; fileEncoding = 4; lastKnownFileType = sourcecode.c.h; path = HTTPStream.h; sourceTree = "<group>"; };
		E753645C1C47DAB40020D45C /* HTTPStream.m */ = {isa = PBXFileReference; fileEncoding = 4; lastKnownFileType = sourcecode.c.objc; path = HTTPStream.m; sourceTree = "<group>"; };
/* End PBXFileReference section */

/* Begin PBXFrameworksBuildPhase section */
		E73A97061C47501900A6287D /* Frameworks */ = {
			isa = PBXFrameworksBuildPhase;
			buildActionMask = 2147483647;
			files = (
			);
			runOnlyForDeploymentPostprocessing = 0;
		};
/* End PBXFrameworksBuildPhase section */

/* Begin PBXGroup section */
		E73A97001C47501900A6287D = {
			isa = PBXGroup;
			children = (
				E73A970B1C47501900A6287D /* httpFLVPlayer */,
				E73A970A1C47501900A6287D /* Products */,
			);
			sourceTree = "<group>";
		};
		E73A970A1C47501900A6287D /* Products */ = {
			isa = PBXGroup;
			children = (
				E73A97091C47501900A6287D /* httpFLVPlayer.app */,
			);
			name = Products;
			sourceTree = "<group>";
		};
		E73A970B1C47501900A6287D /* httpFLVPlayer */ = {
			isa = PBXGroup;
			children = (
				E73A97231C4754C100A6287D /* display */,
				E73A97241C4754C100A6287D /* demux */,
				E73A97251C4754C100A6287D /* protocol */,
				E73A970F1C47501900A6287D /* AppDelegate.h */,
				E73A97101C47501900A6287D /* AppDelegate.m */,
				E73A97121C47501900A6287D /* ViewController.h */,
				E73A97131C47501900A6287D /* ViewController.m */,
				E73A97151C47501900A6287D /* Main.storyboard */,
				E73A97181C47501900A6287D /* Assets.xcassets */,
				E73A971A1C47501900A6287D /* LaunchScreen.storyboard */,
				E73A971D1C47501900A6287D /* Info.plist */,
				E73A970C1C47501900A6287D /* Supporting Files */,
				E75364581C47D5B90020D45C /* HTTPFLVPlayerController.h */,
				E75364591C47D5B90020D45C /* HTTPFLVPlayerController.m */,
			);
			path = httpFLVPlayer;
			sourceTree = "<group>";
		};
		E73A970C1C47501900A6287D /* Supporting Files */ = {
			isa = PBXGroup;
			children = (
				E73A970D1C47501900A6287D /* main.m */,
			);
			name = "Supporting Files";
			sourceTree = "<group>";
		};
		E73A97231C4754C100A6287D /* display */ = {
			isa = PBXGroup;
			children = (
			);
			path = display;
			sourceTree = "<group>";
		};
		E73A97241C4754C100A6287D /* demux */ = {
			isa = PBXGroup;
			children = (
			);
			path = demux;
			sourceTree = "<group>";
		};
		E73A97251C4754C100A6287D /* protocol */ = {
			isa = PBXGroup;
			children = (
				E753645B1C47DAB40020D45C /* HTTPStream.h */,
				E753645C1C47DAB40020D45C /* HTTPStream.m */,
			);
			path = protocol;
			sourceTree = "<group>";
		};
/* End PBXGroup section */

/* Begin PBXNativeTarget section */
		E73A97081C47501900A6287D /* httpFLVPlayer */ = {
			isa = PBXNativeTarget;
			buildConfigurationList = E73A97201C47501900A6287D /* Build configuration list for PBXNativeTarget "httpFLVPlayer" */;
			buildPhases = (
				E73A97051C47501900A6287D /* Sources */,
				E73A97061C47501900A6287D /* Frameworks */,
				E73A97071C47501900A6287D /* Resources */,
			);
			buildRules = (
			);
			dependencies = (
			);
			name = httpFLVPlayer;
			productName = httpFLVPlayer;
			productReference = E73A97091C47501900A6287D /* httpFLVPlayer.app */;
			productType = "com.apple.product-type.application";
		};
/* End PBXNativeTarget section */

/* Begin PBXProject section */
		E73A97011C47501900A6287D /* Project object */ = {
			isa = PBXProject;
			attributes = {
				LastUpgradeCheck = 0720;
				ORGANIZATIONNAME = guowei;
				TargetAttributes = {
					E73A97081C47501900A6287D = {
						CreatedOnToolsVersion = 7.2;
					};
				};
			};
			buildConfigurationList = E73A97041C47501900A6287D /* Build configuration list for PBXProject "httpFLVPlayer" */;
			compatibilityVersion = "Xcode 3.2";
			developmentRegion = English;
			hasScannedForEncodings = 0;
			knownRegions = (
				en,
				Base,
			);
			mainGroup = E73A97001C47501900A6287D;
			productRefGroup = E73A970A1C47501900A6287D /* Products */;
			projectDirPath = "";
			projectRoot = "";
			targets = (
				E73A97081C47501900A6287D /* httpFLVPlayer */,
			);
		};
/* End PBXProject section */

/* Begin PBXResourcesBuildPhase section */
		E73A97071C47501900A6287D /* Resources */ = {
			isa = PBXResourcesBuildPhase;
			buildActionMask = 2147483647;
			files = (
				E73A971C1C47501900A6287D /* LaunchScreen.storyboard in Resources */,
				E73A97191C47501900A6287D /* Assets.xcassets in Resources */,
				E73A97171C47501900A6287D /* Main.storyboard in Resources */,
			);
			runOnlyForDeploymentPostprocessing = 0;
		};
/* End PBXResourcesBuildPhase section */

/* Begin PBXSourcesBuildPhase section */
		E73A97051C47501900A6287D /* Sources */ = {
			isa = PBXSourcesBuildPhase;
			buildActionMask = 2147483647;
			files = (
				E753645D1C47DAB40020D45C /* HTTPStream.m in Sources */,
				E73A97141C47501900A6287D /* ViewController.m in Sources */,
				E753645A1C47D5B90020D45C /* HTTPFLVPlayerController.m in Sources */,
				E73A97111C47501900A6287D /* AppDelegate.m in Sources */,
				E73A970E1C47501900A6287D /* main.m in Sources */,
			);
			runOnlyForDeploymentPostprocessing = 0;
		};
/* End PBXSourcesBuildPhase section */

/* Begin PBXVariantGroup section */
		E73A97151C47501900A6287D /* Main.storyboard */ = {
			isa = PBXVariantGroup;
			children = (
				E73A97161C47501900A6287D /* Base */,
			);
			name = Main.storyboard;
			sourceTree = "<group>";
		};
		E73A971A1C47501900A6287D /* LaunchScreen.storyboard */ = {
			isa = PBXVariantGroup;
			children = (
				E73A971B1C47501900A6287D /* Base */,
			);
			name = LaunchScreen.storyboard;
			sourceTree = "<group>";
		};
/* End PBXVariantGroup section */

/* Begin XCBuildConfiguration section */
		E73A971E1C47501900A6287D /* Debug */ = {
			isa = XCBuildConfiguration;
			buildSettings = {
				ALWAYS_SEARCH_USER_PATHS = NO;
				CLANG_CXX_LANGUAGE_STANDARD = "gnu++0x";
				CLANG_CXX_LIBRARY = "libc++";
				CLANG_ENABLE_MODULES = YES;
				CLANG_ENABLE_OBJC_ARC = YES;
				CLANG_WARN_BOOL_CONVERSION = YES;
				CLANG_WARN_CONSTANT_CONVERSION = YES;
				CLANG_WARN_DIRECT_OBJC_ISA_USAGE = YES_ERROR;
				CLANG_WARN_EMPTY_BODY = YES;
				CLANG_WARN_ENUM_CONVERSION = YES;
				CLANG_WARN_INT_CONVERSION = YES;
				CLANG_WARN_OBJC_ROOT_CLASS = YES_ERROR;
				CLANG_WARN_UNREACHABLE_CODE = YES;
				CLANG_WARN__DUPLICATE_METHOD_MATCH = YES;
				"CODE_SIGN_IDENTITY[sdk=iphoneos*]" = "iPhone Developer";
				COPY_PHASE_STRIP = NO;
				DEBUG_INFORMATION_FORMAT = dwarf;
				ENABLE_STRICT_OBJC_MSGSEND = YES;
				ENABLE_TESTABILITY = YES;
				GCC_C_LANGUAGE_STANDARD = gnu99;
				GCC_DYNAMIC_NO_PIC = NO;
				GCC_NO_COMMON_BLOCKS = YES;
				GCC_OPTIMIZATION_LEVEL = 0;
				GCC_PREPROCESSOR_DEFINITIONS = (
					"DEBUG=1",
					"$(inherited)",
				);
				GCC_WARN_64_TO_32_BIT_CONVERSION = YES;
				GCC_WARN_ABOUT_RETURN_TYPE = YES_ERROR;
				GCC_WARN_UNDECLARED_SELECTOR = YES;
				GCC_WARN_UNINITIALIZED_AUTOS = YES_AGGRESSIVE;
				GCC_WARN_UNUSED_FUNCTION = YES;
				GCC_WARN_UNUSED_VARIABLE = YES;
				IPHONEOS_DEPLOYMENT_TARGET = 9.2;
				MTL_ENABLE_DEBUG_INFO = YES;
				ONLY_ACTIVE_ARCH = YES;
				SDKROOT = iphoneos;
			};
			name = Debug;
		};
		E73A971F1C47501900A6287D /* Release */ = {
			isa = XCBuildConfiguration;
			buildSettings = {
				ALWAYS_SEARCH_USER_PATHS = NO;
				CLANG_CXX_LANGUAGE_STANDARD = "gnu++0x";
				CLANG_CXX_LIBRARY = "libc++";
				CLANG_ENABLE_MODULES = YES;
				CLANG_ENABLE_OBJC_ARC = YES;
				CLANG_WARN_BOOL_CONVERSION = YES;
				CLANG_WARN_CONSTANT_CONVERSION = YES;
				CLANG_WARN_DIRECT_OBJC_ISA_USAGE = YES_ERROR;
				CLANG_WARN_EMPTY_BODY = YES;
				CLANG_WARN_ENUM_CONVERSION = YES;
				CLANG_WARN_INT_CONVERSION = YES;
				CLANG_WARN_OBJC_ROOT_CLASS = YES_ERROR;
				CLANG_WARN_UNREACHABLE_CODE = YES;
				CLANG_WARN__DUPLICATE_METHOD_MATCH = YES;
				"CODE_SIGN_IDENTITY[sdk=iphoneos*]" = "iPhone Developer";
				COPY_PHASE_STRIP = NO;
				DEBUG_INFORMATION_FORMAT = "dwarf-with-dsym";
				ENABLE_NS_ASSERTIONS = NO;
				ENABLE_STRICT_OBJC_MSGSEND = YES;
				GCC_C_LANGUAGE_STANDARD = gnu99;
				GCC_NO_COMMON_BLOCKS = YES;
				GCC_WARN_64_TO_32_BIT_CONVERSION = YES;
				GCC_WARN_ABOUT_RETURN_TYPE = YES_ERROR;
				GCC_WARN_UNDECLARED_SELECTOR = YES;
				GCC_WARN_UNINITIALIZED_AUTOS = YES_AGGRESSIVE;
				GCC_WARN_UNUSED_FUNCTION = YES;
				GCC_WARN_UNUSED_VARIABLE = YES;
				IPHONEOS_DEPLOYMENT_TARGET = 9.2;
				MTL_ENABLE_DEBUG_INFO = NO;
				SDKROOT = iphoneos;
				VALIDATE_PRODUCT = YES;
			};
			name = Release;
		};
		E73A97211C47501900A6287D /* Debug */ = {
			isa = XCBuildConfiguration;
			buildSettings = {
				ASSETCATALOG_COMPILER_APPICON_NAME = AppIcon;
				INFOPLIST_FILE = httpFLVPlayer/Info.plist;
				IPHONEOS_DEPLOYMENT_TARGET = 8.0;
				LD_RUNPATH_SEARCH_PATHS = "$(inherited) @executable_path/Frameworks";
				PRODUCT_BUNDLE_IDENTIFIER = happyiterating.httpFLVPlayer;
				PRODUCT_NAME = "$(TARGET_NAME)";
			};
			name = Debug;
		};
		E73A97221C47501900A6287D /* Release */ = {
			isa = XCBuildConfiguration;
			buildSettings = {
				ASSETCATALOG_COMPILER_APPICON_NAME = AppIcon;
				INFOPLIST_FILE = httpFLVPlayer/Info.plist;
				IPHONEOS_DEPLOYMENT_TARGET = 8.0;
				LD_RUNPATH_SEARCH_PATHS = "$(inherited) @executable_path/Frameworks";
				PRODUCT_BUNDLE_IDENTIFIER = happyiterating.httpFLVPlayer;
				PRODUCT_NAME = "$(TARGET_NAME)";
			};
			name = Release;
		};
/* End XCBuildConfiguration section */

/* Begin XCConfigurationList section */
		E73A97041C47501900A6287D /* Build configuration list for PBXProject "httpFLVPlayer" */ = {
			isa = XCConfigurationList;
			buildConfigurations = (
				E73A971E1C47501900A6287D /* Debug */,
				E73A971F1C47501900A6287D /* Release */,
			);
			defaultConfigurationIsVisible = 0;
			defaultConfigurationName = Release;
		};
		E73A97201C47501900A6287D /* Build configuration list for PBXNativeTarget "httpFLVPlayer" */ = {
			isa = XCConfigurationList;
			buildConfigurations = (
				E73A97211C47501900A6287D /* Debug */,
				E73A97221C47501900A6287D /* Release */,
			);
			defaultConfigurationIsVisible = 0;
			defaultConfigurationName = Release;
		};
/* End XCConfigurationList section */
	};
	rootObject = E73A97011C47501900A6287D /* Project object */;
}
